
Microsoft Visual Studio Solution File, Format Version 12.00
# Visual Studio 15
VisualStudioVersion = 15.0.28010.2046
MinimumVisualStudioVersion = 10.0.40219.1
Project("{FAE04EC0-301F-11D3-BF4B-00C04F79EFBC}") = "Dashboard", "Dashboard\Dashboard.csproj", "{7BC51BB9-4091-40DB-9277-0595E51F1E2A}"
EndProject
Global
	GlobalSection(SolutionConfigurationPlatforms) = preSolution
		Debug|Any CPU = Debug|Any CPU
		Release|Any CPU = Release|Any CPU
	EndGlobalSection
	GlobalSection(ProjectConfigurationPlatforms) = postSolution
		{7BC51BB9-4091-40DB-9277-0595E51F1E2A}.Debug|Any CPU.ActiveCfg = Debug|Any CPU
		{7BC51BB9-4091-40DB-9277-0595E51F1E2A}.Debug|Any CPU.Build.0 = Debug|Any CPU
		{7BC51BB9-4091-40DB-9277-0595E51F1E2A}.Release|Any CPU.ActiveCfg = Release|Any CPU
		{7BC51BB9-4091-40DB-9277-0595E51F1E2A}.Release|Any CPU.Build.0 = Release|Any CPU
	EndGlobalSection
	GlobalSection(SolutionProperties) = preSolution
		HideSolutionNode = FALSE
	EndGlobalSection
	GlobalSection(ExtensibilityGlobals) = postSolution
		SolutionGuid = {F19554C3-7340-4F69-BEF0-70066EF0FC87}
	EndGlobalSection
EndGlobal
