
Microsoft Visual Studio Solution File, Format Version 12.00
# Visual Studio 15
VisualStudioVersion = 15.0.28010.2046
MinimumVisualStudioVersion = 10.0.40219.1
Project("{9A19103F-16F7-4668-BE54-9A1E7A4F7556}") = "Codit.AspNetCore.Authentication.AzureADv2.UI", "src\Codit.AspNetCore.Authentication.AzureAD.UI\Codit.AspNetCore.Authentication.AzureADv2.UI.csproj", "{C968C7B6-CA05-4A4B-8208-424CB25BD921}"
EndProject
Project("{9A19103F-16F7-4668-BE54-9A1E7A4F7556}") = "Codit.AspNetCore.Microsoft.Graph", "src\Codit.AspNetCore.Microsoft.Graph\Codit.AspNetCore.Microsoft.Graph.csproj", "{9A43C4BD-687B-49DC-97BA-663523186D1F}"
EndProject
Project("{9A19103F-16F7-4668-BE54-9A1E7A4F7556}") = "Codit.AspNetCore.Dashboard", "src\Codit.AspNetCore.Dashboard\Codit.AspNetCore.Dashboard.csproj", "{05585E68-D02C-45C1-B6C7-385CB82DA22C}"
EndProject
Global
	GlobalSection(SolutionConfigurationPlatforms) = preSolution
		Debug|Any CPU = Debug|Any CPU
		Release|Any CPU = Release|Any CPU
	EndGlobalSection
	GlobalSection(ProjectConfigurationPlatforms) = postSolution
		{C968C7B6-CA05-4A4B-8208-424CB25BD921}.Debug|Any CPU.ActiveCfg = Debug|Any CPU
		{C968C7B6-CA05-4A4B-8208-424CB25BD921}.Debug|Any CPU.Build.0 = Debug|Any CPU
		{C968C7B6-CA05-4A4B-8208-424CB25BD921}.Release|Any CPU.ActiveCfg = Release|Any CPU
		{C968C7B6-CA05-4A4B-8208-424CB25BD921}.Release|Any CPU.Build.0 = Release|Any CPU
		{9A43C4BD-687B-49DC-97BA-663523186D1F}.Debug|Any CPU.ActiveCfg = Debug|Any CPU
		{9A43C4BD-687B-49DC-97BA-663523186D1F}.Debug|Any CPU.Build.0 = Debug|Any CPU
		{9A43C4BD-687B-49DC-97BA-663523186D1F}.Release|Any CPU.ActiveCfg = Release|Any CPU
		{9A43C4BD-687B-49DC-97BA-663523186D1F}.Release|Any CPU.Build.0 = Release|Any CPU
		{05585E68-D02C-45C1-B6C7-385CB82DA22C}.Debug|Any CPU.ActiveCfg = Debug|Any CPU
		{05585E68-D02C-45C1-B6C7-385CB82DA22C}.Debug|Any CPU.Build.0 = Debug|Any CPU
		{05585E68-D02C-45C1-B6C7-385CB82DA22C}.Release|Any CPU.ActiveCfg = Release|Any CPU
		{05585E68-D02C-45C1-B6C7-385CB82DA22C}.Release|Any CPU.Build.0 = Release|Any CPU
	EndGlobalSection
	GlobalSection(SolutionProperties) = preSolution
		HideSolutionNode = FALSE
	EndGlobalSection
	GlobalSection(ExtensibilityGlobals) = postSolution
		SolutionGuid = {8255DBEC-03F8-4606-B278-D53F20E7D7AA}
	EndGlobalSection
EndGlobal
